{
  "name": "@enterprise/eks-multi-az-cluster",
  "version": "1.0.0",
  "lockfileVersion": 2,
  "requires": true,
  "packages": {
    "": {
      "name": "@enterprise/eks-multi-az-cluster",
      "version": "1.0.0",
      "license": "MIT",
      "dependencies": {},
      "devDependencies": {},
      "engines": {
        "node": ">=16.0.0",
        "npm": ">=8.0.0"
      }
    }
  }
}